
Microsoft Visual Studio Solution File, Format Version 12.00
# Visual Studio Version 17
VisualStudioVersion = 17.14.36408.4 d17.14
MinimumVisualStudioVersion = 10.0.40219.1
Project("{FAE04EC0-301F-11D3-BF4B-00C04F79EFBC}") = "Datos.Aleatorios", "Datos.Aleatorios\Datos.Aleatorios.csproj", "{F459675D-E429-45B0-9FCB-190CFE9429EB}"
EndProject
Global
	GlobalSection(SolutionConfigurationPlatforms) = preSolution
		Debug|Any CPU = Debug|Any CPU
		Release|Any CPU = Release|Any CPU
	EndGlobalSection
	GlobalSection(ProjectConfigurationPlatforms) = postSolution
		{F459675D-E429-45B0-9FCB-190CFE9429EB}.Debug|Any CPU.ActiveCfg = Debug|Any CPU
		{F459675D-E429-45B0-9FCB-190CFE9429EB}.Debug|Any CPU.Build.0 = Debug|Any CPU
		{F459675D-E429-45B0-9FCB-190CFE9429EB}.Release|Any CPU.ActiveCfg = Release|Any CPU
		{F459675D-E429-45B0-9FCB-190CFE9429EB}.Release|Any CPU.Build.0 = Release|Any CPU
	EndGlobalSection
	GlobalSection(SolutionProperties) = preSolution
		HideSolutionNode = FALSE
	EndGlobalSection
	GlobalSection(ExtensibilityGlobals) = postSolution
		SolutionGuid = {5813E39C-92F6-4336-BD60-25FBB4276349}
	EndGlobalSection
EndGlobal
